
Microsoft Visual Studio Solution File, Format Version 12.00
# Visual Studio Version 17
VisualStudioVersion = 17.9.34902.65
MinimumVisualStudioVersion = 10.0.40219.1
Project("{9A19103F-16F7-4668-BE54-9A1E7A4F7556}") = "MarketplaceApp2", "MarketplaceApp2\MarketplaceApp2.csproj", "{F2641237-E8DF-45F9-9E97-8AE359D872D1}"
EndProject
Global
	GlobalSection(SolutionConfigurationPlatforms) = preSolution
		Debug|Any CPU = Debug|Any CPU
		Release|Any CPU = Release|Any CPU
	EndGlobalSection
	GlobalSection(ProjectConfigurationPlatforms) = postSolution
		{F2641237-E8DF-45F9-9E97-8AE359D872D1}.Debug|Any CPU.ActiveCfg = Debug|Any CPU
		{F2641237-E8DF-45F9-9E97-8AE359D872D1}.Debug|Any CPU.Build.0 = Debug|Any CPU
		{F2641237-E8DF-45F9-9E97-8AE359D872D1}.Release|Any CPU.ActiveCfg = Release|Any CPU
		{F2641237-E8DF-45F9-9E97-8AE359D872D1}.Release|Any CPU.Build.0 = Release|Any CPU
	EndGlobalSection
	GlobalSection(SolutionProperties) = preSolution
		HideSolutionNode = FALSE
	EndGlobalSection
	GlobalSection(ExtensibilityGlobals) = postSolution
		SolutionGuid = {6D9D79FD-7C20-407B-B72A-2FFB5FD6CA63}
	EndGlobalSection
EndGlobal
